
Microsoft Visual Studio Solution File, Format Version 12.00
# Visual Studio Version 16
VisualStudioVersion = 16.0.31729.503
MinimumVisualStudioVersion = 10.0.40219.1
Project("{FAE04EC0-301F-11D3-BF4B-00C04F79EFBC}") = "helloWorld", "helloWorld\helloWorld.csproj", "{FDC424A9-F7B2-488A-8BFE-3E27B985EAD1}"
EndProject
Global
	GlobalSection(SolutionConfigurationPlatforms) = preSolution
		Debug|Any CPU = Debug|Any CPU
		Release|Any CPU = Release|Any CPU
	EndGlobalSection
	GlobalSection(ProjectConfigurationPlatforms) = postSolution
		{FDC424A9-F7B2-488A-8BFE-3E27B985EAD1}.Debug|Any CPU.ActiveCfg = Debug|Any CPU
		{FDC424A9-F7B2-488A-8BFE-3E27B985EAD1}.Debug|Any CPU.Build.0 = Debug|Any CPU
		{FDC424A9-F7B2-488A-8BFE-3E27B985EAD1}.Release|Any CPU.ActiveCfg = Release|Any CPU
		{FDC424A9-F7B2-488A-8BFE-3E27B985EAD1}.Release|Any CPU.Build.0 = Release|Any CPU
	EndGlobalSection
	GlobalSection(SolutionProperties) = preSolution
		HideSolutionNode = FALSE
	EndGlobalSection
	GlobalSection(ExtensibilityGlobals) = postSolution
		SolutionGuid = {FC4DF52C-94CD-48AA-80A4-38E11333CBC3}
	EndGlobalSection
EndGlobal
