
Microsoft Visual Studio Solution File, Format Version 12.00
# Visual Studio Version 16
VisualStudioVersion = 16.0.31729.503
MinimumVisualStudioVersion = 10.0.40219.1
Project("{FAE04EC0-301F-11D3-BF4B-00C04F79EFBC}") = "topic05", "topic05\topic05.csproj", "{BAA96DB4-092E-4A9D-8067-FDAAE59CECC9}"
EndProject
Global
	GlobalSection(SolutionConfigurationPlatforms) = preSolution
		Debug|Any CPU = Debug|Any CPU
		Release|Any CPU = Release|Any CPU
	EndGlobalSection
	GlobalSection(ProjectConfigurationPlatforms) = postSolution
		{BAA96DB4-092E-4A9D-8067-FDAAE59CECC9}.Debug|Any CPU.ActiveCfg = Debug|Any CPU
		{BAA96DB4-092E-4A9D-8067-FDAAE59CECC9}.Debug|Any CPU.Build.0 = Debug|Any CPU
		{BAA96DB4-092E-4A9D-8067-FDAAE59CECC9}.Release|Any CPU.ActiveCfg = Release|Any CPU
		{BAA96DB4-092E-4A9D-8067-FDAAE59CECC9}.Release|Any CPU.Build.0 = Release|Any CPU
	EndGlobalSection
	GlobalSection(SolutionProperties) = preSolution
		HideSolutionNode = FALSE
	EndGlobalSection
	GlobalSection(ExtensibilityGlobals) = postSolution
		SolutionGuid = {50BD448B-72DE-4F81-958C-3637F526C7F4}
	EndGlobalSection
EndGlobal
