
Microsoft Visual Studio Solution File, Format Version 12.00
# Visual Studio Version 17
VisualStudioVersion = 17.13.35913.81 d17.13
MinimumVisualStudioVersion = 10.0.40219.1
Project("{FAE04EC0-301F-11D3-BF4B-00C04F79EFBC}") = "MauiToDoApp", "MauiToDoApp\MauiToDoApp.csproj", "{03C32B4C-24BD-46E9-BC92-823333AE86AD}"
EndProject
Global
	GlobalSection(SolutionConfigurationPlatforms) = preSolution
		Debug|Any CPU = Debug|Any CPU
		Release|Any CPU = Release|Any CPU
	EndGlobalSection
	GlobalSection(ProjectConfigurationPlatforms) = postSolution
		{03C32B4C-24BD-46E9-BC92-823333AE86AD}.Debug|Any CPU.ActiveCfg = Debug|Any CPU
		{03C32B4C-24BD-46E9-BC92-823333AE86AD}.Debug|Any CPU.Build.0 = Debug|Any CPU
		{03C32B4C-24BD-46E9-BC92-823333AE86AD}.Release|Any CPU.ActiveCfg = Release|Any CPU
		{03C32B4C-24BD-46E9-BC92-823333AE86AD}.Release|Any CPU.Build.0 = Release|Any CPU
	EndGlobalSection
	GlobalSection(SolutionProperties) = preSolution
		HideSolutionNode = FALSE
	EndGlobalSection
	GlobalSection(ExtensibilityGlobals) = postSolution
		SolutionGuid = {3D07B88B-FC14-42F3-B13E-78586821F461}
	EndGlobalSection
EndGlobal
