
Microsoft Visual Studio Solution File, Format Version 12.00
# Visual Studio Version 17
VisualStudioVersion = 17.13.35825.156 d17.13
MinimumVisualStudioVersion = 10.0.40219.1
Project("{FAE04EC0-301F-11D3-BF4B-00C04F79EFBC}") = "MAUILayouts", "MAUILayouts\MAUILayouts.csproj", "{5C4A7B39-FD88-4134-ADAC-E8FFEA96975E}"
EndProject
Global
	GlobalSection(SolutionConfigurationPlatforms) = preSolution
		Debug|Any CPU = Debug|Any CPU
		Release|Any CPU = Release|Any CPU
	EndGlobalSection
	GlobalSection(ProjectConfigurationPlatforms) = postSolution
		{5C4A7B39-FD88-4134-ADAC-E8FFEA96975E}.Debug|Any CPU.ActiveCfg = Debug|Any CPU
		{5C4A7B39-FD88-4134-ADAC-E8FFEA96975E}.Debug|Any CPU.Build.0 = Debug|Any CPU
		{5C4A7B39-FD88-4134-ADAC-E8FFEA96975E}.Release|Any CPU.ActiveCfg = Release|Any CPU
		{5C4A7B39-FD88-4134-ADAC-E8FFEA96975E}.Release|Any CPU.Build.0 = Release|Any CPU
	EndGlobalSection
	GlobalSection(SolutionProperties) = preSolution
		HideSolutionNode = FALSE
	EndGlobalSection
	GlobalSection(ExtensibilityGlobals) = postSolution
		SolutionGuid = {DFAB0312-9F1D-45E2-A679-2D4EE7928D22}
	EndGlobalSection
EndGlobal
