
Microsoft Visual Studio Solution File, Format Version 12.00
# Visual Studio Version 16
VisualStudioVersion = 16.0.31729.503
MinimumVisualStudioVersion = 10.0.40219.1
Project("{FAE04EC0-301F-11D3-BF4B-00C04F79EFBC}") = "topic03", "topic03\topic03.csproj", "{6173B0CC-AD36-428C-AD02-7D7EE8AB8585}"
EndProject
Global
	GlobalSection(SolutionConfigurationPlatforms) = preSolution
		Debug|Any CPU = Debug|Any CPU
		Release|Any CPU = Release|Any CPU
	EndGlobalSection
	GlobalSection(ProjectConfigurationPlatforms) = postSolution
		{6173B0CC-AD36-428C-AD02-7D7EE8AB8585}.Debug|Any CPU.ActiveCfg = Debug|Any CPU
		{6173B0CC-AD36-428C-AD02-7D7EE8AB8585}.Debug|Any CPU.Build.0 = Debug|Any CPU
		{6173B0CC-AD36-428C-AD02-7D7EE8AB8585}.Release|Any CPU.ActiveCfg = Release|Any CPU
		{6173B0CC-AD36-428C-AD02-7D7EE8AB8585}.Release|Any CPU.Build.0 = Release|Any CPU
	EndGlobalSection
	GlobalSection(SolutionProperties) = preSolution
		HideSolutionNode = FALSE
	EndGlobalSection
	GlobalSection(ExtensibilityGlobals) = postSolution
		SolutionGuid = {6013A7ED-5F05-48BE-A86B-797641156E7E}
	EndGlobalSection
EndGlobal
