
Microsoft Visual Studio Solution File, Format Version 12.00
# Visual Studio Version 17
VisualStudioVersion = 17.13.35913.81 d17.13
MinimumVisualStudioVersion = 10.0.40219.1
Project("{FAE04EC0-301F-11D3-BF4B-00C04F79EFBC}") = "MusicalToyFinder", "MusicalToyFinder\MusicalToyFinder.csproj", "{D4AFFB43-8CB1-4A28-ABD6-BA21A7E35204}"
EndProject
Global
	GlobalSection(SolutionConfigurationPlatforms) = preSolution
		Debug|Any CPU = Debug|Any CPU
		Release|Any CPU = Release|Any CPU
	EndGlobalSection
	GlobalSection(ProjectConfigurationPlatforms) = postSolution
		{D4AFFB43-8CB1-4A28-ABD6-BA21A7E35204}.Debug|Any CPU.ActiveCfg = Debug|Any CPU
		{D4AFFB43-8CB1-4A28-ABD6-BA21A7E35204}.Debug|Any CPU.Build.0 = Debug|Any CPU
		{D4AFFB43-8CB1-4A28-ABD6-BA21A7E35204}.Release|Any CPU.ActiveCfg = Release|Any CPU
		{D4AFFB43-8CB1-4A28-ABD6-BA21A7E35204}.Release|Any CPU.Build.0 = Release|Any CPU
	EndGlobalSection
	GlobalSection(SolutionProperties) = preSolution
		HideSolutionNode = FALSE
	EndGlobalSection
	GlobalSection(ExtensibilityGlobals) = postSolution
		SolutionGuid = {4C8A9E58-69EA-42A6-9E38-D80791293AAB}
	EndGlobalSection
EndGlobal
