
Microsoft Visual Studio Solution File, Format Version 12.00
# Visual Studio Version 16
VisualStudioVersion = 16.0.31729.503
MinimumVisualStudioVersion = 10.0.40219.1
Project("{FAE04EC0-301F-11D3-BF4B-00C04F79EFBC}") = "UserDemo", "UserDemo\UserDemo.csproj", "{24C32FC3-C42B-4EBC-AE56-DC9F39A4AE51}"
EndProject
Global
	GlobalSection(SolutionConfigurationPlatforms) = preSolution
		Debug|Any CPU = Debug|Any CPU
		Release|Any CPU = Release|Any CPU
	EndGlobalSection
	GlobalSection(ProjectConfigurationPlatforms) = postSolution
		{24C32FC3-C42B-4EBC-AE56-DC9F39A4AE51}.Debug|Any CPU.ActiveCfg = Debug|Any CPU
		{24C32FC3-C42B-4EBC-AE56-DC9F39A4AE51}.Debug|Any CPU.Build.0 = Debug|Any CPU
		{24C32FC3-C42B-4EBC-AE56-DC9F39A4AE51}.Release|Any CPU.ActiveCfg = Release|Any CPU
		{24C32FC3-C42B-4EBC-AE56-DC9F39A4AE51}.Release|Any CPU.Build.0 = Release|Any CPU
	EndGlobalSection
	GlobalSection(SolutionProperties) = preSolution
		HideSolutionNode = FALSE
	EndGlobalSection
	GlobalSection(ExtensibilityGlobals) = postSolution
		SolutionGuid = {5F8BBBFB-7C2E-4FC6-B4DE-FA041492FDE3}
	EndGlobalSection
EndGlobal
